
Microsoft Visual Studio Solution File, Format Version 12.00
# Visual Studio 15
VisualStudioVersion = 15.0.27130.2010
MinimumVisualStudioVersion = 10.0.40219.1
Project("{FAE04EC0-301F-11D3-BF4B-00C04F79EFBC}") = "BD.Data", "BD.Data\BD.Data.csproj", "{48F9F9CF-4C4F-4688-B9DC-A96D54634566}"
EndProject
Project("{FAE04EC0-301F-11D3-BF4B-00C04F79EFBC}") = "BD.Common", "BD.Common\BD.Common.csproj", "{7314400A-84A8-4371-A3F5-432A40D52226}"
EndProject
Project("{FAE04EC0-301F-11D3-BF4B-00C04F79EFBC}") = "BD.DTO", "BD.DTO\BD.DTO.csproj", "{25BF67DD-63BF-47AE-AD10-C62E39C81B15}"
EndProject
Project("{FAE04EC0-301F-11D3-BF4B-00C04F79EFBC}") = "BD.WindowsForm", "BD.WindowsForm\BD.WindowsForm.csproj", "{50DD6E59-96DB-46FC-BBB9-B5C5B30F9DF8}"
EndProject
Project("{54435603-DBB4-11D2-8724-00A0C9A8B90C}") = "BogazDenizcilik", "BogazDenizcilik\BogazDenizcilik.vdproj", "{144E967C-ED33-4E82-BFDE-216E9546BC2D}"
EndProject
Global
	GlobalSection(SolutionConfigurationPlatforms) = preSolution
		Debug|Any CPU = Debug|Any CPU
		Release|Any CPU = Release|Any CPU
	EndGlobalSection
	GlobalSection(ProjectConfigurationPlatforms) = postSolution
		{48F9F9CF-4C4F-4688-B9DC-A96D54634566}.Debug|Any CPU.ActiveCfg = Debug|Any CPU
		{48F9F9CF-4C4F-4688-B9DC-A96D54634566}.Debug|Any CPU.Build.0 = Debug|Any CPU
		{48F9F9CF-4C4F-4688-B9DC-A96D54634566}.Release|Any CPU.ActiveCfg = Release|Any CPU
		{48F9F9CF-4C4F-4688-B9DC-A96D54634566}.Release|Any CPU.Build.0 = Release|Any CPU
		{7314400A-84A8-4371-A3F5-432A40D52226}.Debug|Any CPU.ActiveCfg = Debug|Any CPU
		{7314400A-84A8-4371-A3F5-432A40D52226}.Debug|Any CPU.Build.0 = Debug|Any CPU
		{7314400A-84A8-4371-A3F5-432A40D52226}.Release|Any CPU.ActiveCfg = Release|Any CPU
		{7314400A-84A8-4371-A3F5-432A40D52226}.Release|Any CPU.Build.0 = Release|Any CPU
		{25BF67DD-63BF-47AE-AD10-C62E39C81B15}.Debug|Any CPU.ActiveCfg = Debug|Any CPU
		{25BF67DD-63BF-47AE-AD10-C62E39C81B15}.Debug|Any CPU.Build.0 = Debug|Any CPU
		{25BF67DD-63BF-47AE-AD10-C62E39C81B15}.Release|Any CPU.ActiveCfg = Release|Any CPU
		{25BF67DD-63BF-47AE-AD10-C62E39C81B15}.Release|Any CPU.Build.0 = Release|Any CPU
		{50DD6E59-96DB-46FC-BBB9-B5C5B30F9DF8}.Debug|Any CPU.ActiveCfg = Debug|Any CPU
		{50DD6E59-96DB-46FC-BBB9-B5C5B30F9DF8}.Debug|Any CPU.Build.0 = Debug|Any CPU
		{50DD6E59-96DB-46FC-BBB9-B5C5B30F9DF8}.Release|Any CPU.ActiveCfg = Release|Any CPU
		{50DD6E59-96DB-46FC-BBB9-B5C5B30F9DF8}.Release|Any CPU.Build.0 = Release|Any CPU
		{144E967C-ED33-4E82-BFDE-216E9546BC2D}.Debug|Any CPU.ActiveCfg = Debug
		{144E967C-ED33-4E82-BFDE-216E9546BC2D}.Release|Any CPU.ActiveCfg = Release
	EndGlobalSection
	GlobalSection(SolutionProperties) = preSolution
		HideSolutionNode = FALSE
	EndGlobalSection
	GlobalSection(ExtensibilityGlobals) = postSolution
		SolutionGuid = {1F50712A-BCAC-4CBA-BF17-936D2231C5E0}
	EndGlobalSection
EndGlobal
